// !$*UTF8*$!
{
	archiveVersion = 1;
	classes = {
	};
	objectVersion = 55;
	objects = {

/* Begin PBXBuildFile section */
		0D5A4759287DEE47009C1325 /* Movie.swift in Sources */ = {isa = PBXBuildFile; fileRef = 0D5A4758287DEE47009C1325 /* Movie.swift */; };
		0D5A475F287DF4E5009C1325 /* Movie+Popular.swift in Sources */ = {isa = PBXBuildFile; fileRef = 0D5A475A287DF4E5009C1325 /* Movie+Popular.swift */; };
		0D5A4760287DF4E5009C1325 /* Movie+TrendingToday.swift in Sources */ = {isa = PBXBuildFile; fileRef = 0D5A475B287DF4E5009C1325 /* Movie+TrendingToday.swift */; };
		0D5A4761287DF4E5009C1325 /* Movie+Upcoming.swift in Sources */ = {isa = PBXBuildFile; fileRef = 0D5A475C287DF4E5009C1325 /* Movie+Upcoming.swift */; };
		0D5A4762287DF4E5009C1325 /* Movie+NowPlaying.swift in Sources */ = {isa = PBXBuildFile; fileRef = 0D5A475D287DF4E5009C1325 /* Movie+NowPlaying.swift */; };
		0D5A4763287DF4E5009C1325 /* Movie+TrendingThisWeek.swift in Sources */ = {isa = PBXBuildFile; fileRef = 0D5A475E287DF4E5009C1325 /* Movie+TrendingThisWeek.swift */; };
		0DCB4F9D287E14520092F404 /* FeaturedViewController+UICollectionViewDataSource.swift in Sources */ = {isa = PBXBuildFile; fileRef = 0DCB4F9C287E14520092F404 /* FeaturedViewController+UICollectionViewDataSource.swift */; };
		0DDEFF40287C9809002050C4 /* PopularCollectionViewCell.swift in Sources */ = {isa = PBXBuildFile; fileRef = 0DDEFF3F287C9809002050C4 /* PopularCollectionViewCell.swift */; };
		0DDEFF42287C9868002050C4 /* NowPlayingCollectionViewCell.swift in Sources */ = {isa = PBXBuildFile; fileRef = 0DDEFF41287C9868002050C4 /* NowPlayingCollectionViewCell.swift */; };
		0DDEFF44287C989F002050C4 /* UpcomingCollectionViewCell.swift in Sources */ = {isa = PBXBuildFile; fileRef = 0DDEFF43287C989F002050C4 /* UpcomingCollectionViewCell.swift */; };
		0DF495752874AEBC0025EC5B /* AppDelegate.swift in Sources */ = {isa = PBXBuildFile; fileRef = 0DF495742874AEBC0025EC5B /* AppDelegate.swift */; };
		0DF495772874AEBC0025EC5B /* SceneDelegate.swift in Sources */ = {isa = PBXBuildFile; fileRef = 0DF495762874AEBC0025EC5B /* SceneDelegate.swift */; };
		0DF495792874AEBC0025EC5B /* FeaturedViewController.swift in Sources */ = {isa = PBXBuildFile; fileRef = 0DF495782874AEBC0025EC5B /* FeaturedViewController.swift */; };
		0DF4957C2874AEBC0025EC5B /* Main.storyboard in Resources */ = {isa = PBXBuildFile; fileRef = 0DF4957A2874AEBC0025EC5B /* Main.storyboard */; };
		0DF4957E2874AEBD0025EC5B /* Assets.xcassets in Resources */ = {isa = PBXBuildFile; fileRef = 0DF4957D2874AEBD0025EC5B /* Assets.xcassets */; };
		0DF495812874AEBD0025EC5B /* LaunchScreen.storyboard in Resources */ = {isa = PBXBuildFile; fileRef = 0DF4957F2874AEBD0025EC5B /* LaunchScreen.storyboard */; };
/* End PBXBuildFile section */

/* Begin PBXFileReference section */
		0D5A4758287DEE47009C1325 /* Movie.swift */ = {isa = PBXFileReference; lastKnownFileType = sourcecode.swift; path = Movie.swift; sourceTree = "<group>"; };
		0D5A475A287DF4E5009C1325 /* Movie+Popular.swift */ = {isa = PBXFileReference; fileEncoding = 4; lastKnownFileType = sourcecode.swift; path = "Movie+Popular.swift"; sourceTree = "<group>"; };
		0D5A475B287DF4E5009C1325 /* Movie+TrendingToday.swift */ = {isa = PBXFileReference; fileEncoding = 4; lastKnownFileType = sourcecode.swift; path = "Movie+TrendingToday.swift"; sourceTree = "<group>"; };
		0D5A475C287DF4E5009C1325 /* Movie+Upcoming.swift */ = {isa = PBXFileReference; fileEncoding = 4; lastKnownFileType = sourcecode.swift; path = "Movie+Upcoming.swift"; sourceTree = "<group>"; };
		0D5A475D287DF4E5009C1325 /* Movie+NowPlaying.swift */ = {isa = PBXFileReference; fileEncoding = 4; lastKnownFileType = sourcecode.swift; path = "Movie+NowPlaying.swift"; sourceTree = "<group>"; };
		0D5A475E287DF4E5009C1325 /* Movie+TrendingThisWeek.swift */ = {isa = PBXFileReference; fileEncoding = 4; lastKnownFileType = sourcecode.swift; path = "Movie+TrendingThisWeek.swift"; sourceTree = "<group>"; };
		0DCB4F9C287E14520092F404 /* FeaturedViewController+UICollectionViewDataSource.swift */ = {isa = PBXFileReference; lastKnownFileType = sourcecode.swift; path = "FeaturedViewController+UICollectionViewDataSource.swift"; sourceTree = "<group>"; };
		0DDEFF3F287C9809002050C4 /* PopularCollectionViewCell.swift */ = {isa = PBXFileReference; lastKnownFileType = sourcecode.swift; path = PopularCollectionViewCell.swift; sourceTree = "<group>"; };
		0DDEFF41287C9868002050C4 /* NowPlayingCollectionViewCell.swift */ = {isa = PBXFileReference; lastKnownFileType = sourcecode.swift; path = NowPlayingCollectionViewCell.swift; sourceTree = "<group>"; };
		0DDEFF43287C989F002050C4 /* UpcomingCollectionViewCell.swift */ = {isa = PBXFileReference; lastKnownFileType = sourcecode.swift; path = UpcomingCollectionViewCell.swift; sourceTree = "<group>"; };
		0DF495712874AEBC0025EC5B /* ChallengeTriunfo.app */ = {isa = PBXFileReference; explicitFileType = wrapper.application; includeInIndex = 0; path = ChallengeTriunfo.app; sourceTree = BUILT_PRODUCTS_DIR; };
		0DF495742874AEBC0025EC5B /* AppDelegate.swift */ = {isa = PBXFileReference; lastKnownFileType = sourcecode.swift; path = AppDelegate.swift; sourceTree = "<group>"; };
		0DF495762874AEBC0025EC5B /* SceneDelegate.swift */ = {isa = PBXFileReference; lastKnownFileType = sourcecode.swift; path = SceneDelegate.swift; sourceTree = "<group>"; };
		0DF495782874AEBC0025EC5B /* FeaturedViewController.swift */ = {isa = PBXFileReference; lastKnownFileType = sourcecode.swift; path = FeaturedViewController.swift; sourceTree = "<group>"; };
		0DF4957B2874AEBC0025EC5B /* Base */ = {isa = PBXFileReference; lastKnownFileType = file.storyboard; name = Base; path = Base.lproj/Main.storyboard; sourceTree = "<group>"; };
		0DF4957D2874AEBD0025EC5B /* Assets.xcassets */ = {isa = PBXFileReference; lastKnownFileType = folder.assetcatalog; path = Assets.xcassets; sourceTree = "<group>"; };
		0DF495802874AEBD0025EC5B /* Base */ = {isa = PBXFileReference; lastKnownFileType = file.storyboard; name = Base; path = Base.lproj/LaunchScreen.storyboard; sourceTree = "<group>"; };
		0DF495822874AEBD0025EC5B /* Info.plist */ = {isa = PBXFileReference; lastKnownFileType = text.plist.xml; path = Info.plist; sourceTree = "<group>"; };
/* End PBXFileReference section */

/* Begin PBXFrameworksBuildPhase section */
		0DF4956E2874AEBC0025EC5B /* Frameworks */ = {
			isa = PBXFrameworksBuildPhase;
			buildActionMask = 2147483647;
			files = (
			);
			runOnlyForDeploymentPostprocessing = 0;
		};
/* End PBXFrameworksBuildPhase section */

/* Begin PBXGroup section */
		0D5A4757287DEDF2009C1325 /* Model */ = {
			isa = PBXGroup;
			children = (
				0D5A475D287DF4E5009C1325 /* Movie+NowPlaying.swift */,
				0D5A475A287DF4E5009C1325 /* Movie+Popular.swift */,
				0D5A475E287DF4E5009C1325 /* Movie+TrendingThisWeek.swift */,
				0D5A475B287DF4E5009C1325 /* Movie+TrendingToday.swift */,
				0D5A475C287DF4E5009C1325 /* Movie+Upcoming.swift */,
				0D5A4758287DEE47009C1325 /* Movie.swift */,
			);
			path = Model;
			sourceTree = "<group>";
		};
		0D66211E287C9E16006EC6E1 /* SupportingFiles */ = {
			isa = PBXGroup;
			children = (
				0DF4957D2874AEBD0025EC5B /* Assets.xcassets */,
				0DF495822874AEBD0025EC5B /* Info.plist */,
			);
			name = SupportingFiles;
			sourceTree = "<group>";
		};
		0DDEFF45287C99BB002050C4 /* Controllers */ = {
			isa = PBXGroup;
			children = (
				0DF495782874AEBC0025EC5B /* FeaturedViewController.swift */,
				0DCB4F9C287E14520092F404 /* FeaturedViewController+UICollectionViewDataSource.swift */,
			);
			path = Controllers;
			sourceTree = "<group>";
		};
		0DDEFF47287C99F7002050C4 /* View */ = {
			isa = PBXGroup;
			children = (
				0DF4957A2874AEBC0025EC5B /* Main.storyboard */,
				0DF4957F2874AEBD0025EC5B /* LaunchScreen.storyboard */,
				0DDEFF3F287C9809002050C4 /* PopularCollectionViewCell.swift */,
				0DDEFF41287C9868002050C4 /* NowPlayingCollectionViewCell.swift */,
				0DDEFF43287C989F002050C4 /* UpcomingCollectionViewCell.swift */,
			);
			path = View;
			sourceTree = "<group>";
		};
		0DF495682874AEBC0025EC5B = {
			isa = PBXGroup;
			children = (
				0DF495732874AEBC0025EC5B /* ChallengeTriunfo */,
				0DF495722874AEBC0025EC5B /* Products */,
			);
			sourceTree = "<group>";
		};
		0DF495722874AEBC0025EC5B /* Products */ = {
			isa = PBXGroup;
			children = (
				0DF495712874AEBC0025EC5B /* ChallengeTriunfo.app */,
			);
			name = Products;
			sourceTree = "<group>";
		};
		0DF495732874AEBC0025EC5B /* ChallengeTriunfo */ = {
			isa = PBXGroup;
			children = (
				0DF495742874AEBC0025EC5B /* AppDelegate.swift */,
				0DF495762874AEBC0025EC5B /* SceneDelegate.swift */,
				0DDEFF45287C99BB002050C4 /* Controllers */,
				0D5A4757287DEDF2009C1325 /* Model */,
				0DDEFF47287C99F7002050C4 /* View */,
				0D66211E287C9E16006EC6E1 /* SupportingFiles */,
			);
			path = ChallengeTriunfo;
			sourceTree = "<group>";
		};
/* End PBXGroup section */

/* Begin PBXNativeTarget section */
		0DF495702874AEBC0025EC5B /* ChallengeTriunfo */ = {
			isa = PBXNativeTarget;
			buildConfigurationList = 0DF495852874AEBD0025EC5B /* Build configuration list for PBXNativeTarget "ChallengeTriunfo" */;
			buildPhases = (
				0DF4956D2874AEBC0025EC5B /* Sources */,
				0DF4956E2874AEBC0025EC5B /* Frameworks */,
				0DF4956F2874AEBC0025EC5B /* Resources */,
			);
			buildRules = (
			);
			dependencies = (
			);
			name = ChallengeTriunfo;
			productName = ChallengeTriunfo;
			productReference = 0DF495712874AEBC0025EC5B /* ChallengeTriunfo.app */;
			productType = "com.apple.product-type.application";
		};
/* End PBXNativeTarget section */

/* Begin PBXProject section */
		0DF495692874AEBC0025EC5B /* Project object */ = {
			isa = PBXProject;
			attributes = {
				BuildIndependentTargetsInParallel = 1;
				LastSwiftUpdateCheck = 1340;
				LastUpgradeCheck = 1340;
				TargetAttributes = {
					0DF495702874AEBC0025EC5B = {
						CreatedOnToolsVersion = 13.4.1;
					};
				};
			};
			buildConfigurationList = 0DF4956C2874AEBC0025EC5B /* Build configuration list for PBXProject "ChallengeTriunfo" */;
			compatibilityVersion = "Xcode 13.0";
			developmentRegion = en;
			hasScannedForEncodings = 0;
			knownRegions = (
				en,
				Base,
			);
			mainGroup = 0DF495682874AEBC0025EC5B;
			productRefGroup = 0DF495722874AEBC0025EC5B /* Products */;
			projectDirPath = "";
			projectRoot = "";
			targets = (
				0DF495702874AEBC0025EC5B /* ChallengeTriunfo */,
			);
		};
/* End PBXProject section */

/* Begin PBXResourcesBuildPhase section */
		0DF4956F2874AEBC0025EC5B /* Resources */ = {
			isa = PBXResourcesBuildPhase;
			buildActionMask = 2147483647;
			files = (
				0DF495812874AEBD0025EC5B /* LaunchScreen.storyboard in Resources */,
				0DF4957E2874AEBD0025EC5B /* Assets.xcassets in Resources */,
				0DF4957C2874AEBC0025EC5B /* Main.storyboard in Resources */,
			);
			runOnlyForDeploymentPostprocessing = 0;
		};
/* End PBXResourcesBuildPhase section */

/* Begin PBXSourcesBuildPhase section */
		0DF4956D2874AEBC0025EC5B /* Sources */ = {
			isa = PBXSourcesBuildPhase;
			buildActionMask = 2147483647;
			files = (
				0D5A4761287DF4E5009C1325 /* Movie+Upcoming.swift in Sources */,
				0D5A4759287DEE47009C1325 /* Movie.swift in Sources */,
				0DDEFF44287C989F002050C4 /* UpcomingCollectionViewCell.swift in Sources */,
				0DDEFF42287C9868002050C4 /* NowPlayingCollectionViewCell.swift in Sources */,
				0DCB4F9D287E14520092F404 /* FeaturedViewController+UICollectionViewDataSource.swift in Sources */,
				0DDEFF40287C9809002050C4 /* PopularCollectionViewCell.swift in Sources */,
				0D5A475F287DF4E5009C1325 /* Movie+Popular.swift in Sources */,
				0D5A4762287DF4E5009C1325 /* Movie+NowPlaying.swift in Sources */,
				0DF495792874AEBC0025EC5B /* FeaturedViewController.swift in Sources */,
				0D5A4760287DF4E5009C1325 /* Movie+TrendingToday.swift in Sources */,
				0D5A4763287DF4E5009C1325 /* Movie+TrendingThisWeek.swift in Sources */,
				0DF495752874AEBC0025EC5B /* AppDelegate.swift in Sources */,
				0DF495772874AEBC0025EC5B /* SceneDelegate.swift in Sources */,
			);
			runOnlyForDeploymentPostprocessing = 0;
		};
/* End PBXSourcesBuildPhase section */

/* Begin PBXVariantGroup section */
		0DF4957A2874AEBC0025EC5B /* Main.storyboard */ = {
			isa = PBXVariantGroup;
			children = (
				0DF4957B2874AEBC0025EC5B /* Base */,
			);
			name = Main.storyboard;
			sourceTree = "<group>";
		};
		0DF4957F2874AEBD0025EC5B /* LaunchScreen.storyboard */ = {
			isa = PBXVariantGroup;
			children = (
				0DF495802874AEBD0025EC5B /* Base */,
			);
			name = LaunchScreen.storyboard;
			sourceTree = "<group>";
		};
/* End PBXVariantGroup section */

/* Begin XCBuildConfiguration section */
		0DF495832874AEBD0025EC5B /* Debug */ = {
			isa = XCBuildConfiguration;
			buildSettings = {
				ALWAYS_SEARCH_USER_PATHS = NO;
				CLANG_ANALYZER_NONNULL = YES;
				CLANG_ANALYZER_NUMBER_OBJECT_CONVERSION = YES_AGGRESSIVE;
				CLANG_CXX_LANGUAGE_STANDARD = "gnu++17";
				CLANG_ENABLE_MODULES = YES;
				CLANG_ENABLE_OBJC_ARC = YES;
				CLANG_ENABLE_OBJC_WEAK = YES;
				CLANG_WARN_BLOCK_CAPTURE_AUTORELEASING = YES;
				CLANG_WARN_BOOL_CONVERSION = YES;
				CLANG_WARN_COMMA = YES;
				CLANG_WARN_CONSTANT_CONVERSION = YES;
				CLANG_WARN_DEPRECATED_OBJC_IMPLEMENTATIONS = YES;
				CLANG_WARN_DIRECT_OBJC_ISA_USAGE = YES_ERROR;
				CLANG_WARN_DOCUMENTATION_COMMENTS = YES;
				CLANG_WARN_EMPTY_BODY = YES;
				CLANG_WARN_ENUM_CONVERSION = YES;
				CLANG_WARN_INFINITE_RECURSION = YES;
				CLANG_WARN_INT_CONVERSION = YES;
				CLANG_WARN_NON_LITERAL_NULL_CONVERSION = YES;
				CLANG_WARN_OBJC_IMPLICIT_RETAIN_SELF = YES;
				CLANG_WARN_OBJC_LITERAL_CONVERSION = YES;
				CLANG_WARN_OBJC_ROOT_CLASS = YES_ERROR;
				CLANG_WARN_QUOTED_INCLUDE_IN_FRAMEWORK_HEADER = YES;
				CLANG_WARN_RANGE_LOOP_ANALYSIS = YES;
				CLANG_WARN_STRICT_PROTOTYPES = YES;
				CLANG_WARN_SUSPICIOUS_MOVE = YES;
				CLANG_WARN_UNGUARDED_AVAILABILITY = YES_AGGRESSIVE;
				CLANG_WARN_UNREACHABLE_CODE = YES;
				CLANG_WARN__DUPLICATE_METHOD_MATCH = YES;
				COPY_PHASE_STRIP = NO;
				DEBUG_INFORMATION_FORMAT = dwarf;
				ENABLE_STRICT_OBJC_MSGSEND = YES;
				ENABLE_TESTABILITY = YES;
				GCC_C_LANGUAGE_STANDARD = gnu11;
				GCC_DYNAMIC_NO_PIC = NO;
				GCC_NO_COMMON_BLOCKS = YES;
				GCC_OPTIMIZATION_LEVEL = 0;
				GCC_PREPROCESSOR_DEFINITIONS = (
					"DEBUG=1",
					"$(inherited)",
				);
				GCC_WARN_64_TO_32_BIT_CONVERSION = YES;
				GCC_WARN_ABOUT_RETURN_TYPE = YES_ERROR;
				GCC_WARN_UNDECLARED_SELECTOR = YES;
				GCC_WARN_UNINITIALIZED_AUTOS = YES_AGGRESSIVE;
				GCC_WARN_UNUSED_FUNCTION = YES;
				GCC_WARN_UNUSED_VARIABLE = YES;
				IPHONEOS_DEPLOYMENT_TARGET = 15.5;
				MTL_ENABLE_DEBUG_INFO = INCLUDE_SOURCE;
				MTL_FAST_MATH = YES;
				ONLY_ACTIVE_ARCH = YES;
				SDKROOT = iphoneos;
				SWIFT_ACTIVE_COMPILATION_CONDITIONS = DEBUG;
				SWIFT_OPTIMIZATION_LEVEL = "-Onone";
			};
			name = Debug;
		};
		0DF495842874AEBD0025EC5B /* Release */ = {
			isa = XCBuildConfiguration;
			buildSettings = {
				ALWAYS_SEARCH_USER_PATHS = NO;
				CLANG_ANALYZER_NONNULL = YES;
				CLANG_ANALYZER_NUMBER_OBJECT_CONVERSION = YES_AGGRESSIVE;
				CLANG_CXX_LANGUAGE_STANDARD = "gnu++17";
				CLANG_ENABLE_MODULES = YES;
				CLANG_ENABLE_OBJC_ARC = YES;
				CLANG_ENABLE_OBJC_WEAK = YES;
				CLANG_WARN_BLOCK_CAPTURE_AUTORELEASING = YES;
				CLANG_WARN_BOOL_CONVERSION = YES;
				CLANG_WARN_COMMA = YES;
				CLANG_WARN_CONSTANT_CONVERSION = YES;
				CLANG_WARN_DEPRECATED_OBJC_IMPLEMENTATIONS = YES;
				CLANG_WARN_DIRECT_OBJC_ISA_USAGE = YES_ERROR;
				CLANG_WARN_DOCUMENTATION_COMMENTS = YES;
				CLANG_WARN_EMPTY_BODY = YES;
				CLANG_WARN_ENUM_CONVERSION = YES;
				CLANG_WARN_INFINITE_RECURSION = YES;
				CLANG_WARN_INT_CONVERSION = YES;
				CLANG_WARN_NON_LITERAL_NULL_CONVERSION = YES;
				CLANG_WARN_OBJC_IMPLICIT_RETAIN_SELF = YES;
				CLANG_WARN_OBJC_LITERAL_CONVERSION = YES;
				CLANG_WARN_OBJC_ROOT_CLASS = YES_ERROR;
				CLANG_WARN_QUOTED_INCLUDE_IN_FRAMEWORK_HEADER = YES;
				CLANG_WARN_RANGE_LOOP_ANALYSIS = YES;
				CLANG_WARN_STRICT_PROTOTYPES = YES;
				CLANG_WARN_SUSPICIOUS_MOVE = YES;
				CLANG_WARN_UNGUARDED_AVAILABILITY = YES_AGGRESSIVE;
				CLANG_WARN_UNREACHABLE_CODE = YES;
				CLANG_WARN__DUPLICATE_METHOD_MATCH = YES;
				COPY_PHASE_STRIP = NO;
				DEBUG_INFORMATION_FORMAT = "dwarf-with-dsym";
				ENABLE_NS_ASSERTIONS = NO;
				ENABLE_STRICT_OBJC_MSGSEND = YES;
				GCC_C_LANGUAGE_STANDARD = gnu11;
				GCC_NO_COMMON_BLOCKS = YES;
				GCC_WARN_64_TO_32_BIT_CONVERSION = YES;
				GCC_WARN_ABOUT_RETURN_TYPE = YES_ERROR;
				GCC_WARN_UNDECLARED_SELECTOR = YES;
				GCC_WARN_UNINITIALIZED_AUTOS = YES_AGGRESSIVE;
				GCC_WARN_UNUSED_FUNCTION = YES;
				GCC_WARN_UNUSED_VARIABLE = YES;
				IPHONEOS_DEPLOYMENT_TARGET = 15.5;
				MTL_ENABLE_DEBUG_INFO = NO;
				MTL_FAST_MATH = YES;
				SDKROOT = iphoneos;
				SWIFT_COMPILATION_MODE = wholemodule;
				SWIFT_OPTIMIZATION_LEVEL = "-O";
				VALIDATE_PRODUCT = YES;
			};
			name = Release;
		};
		0DF495862874AEBD0025EC5B /* Debug */ = {
			isa = XCBuildConfiguration;
			buildSettings = {
				ASSETCATALOG_COMPILER_APPICON_NAME = AppIcon;
				ASSETCATALOG_COMPILER_GLOBAL_ACCENT_COLOR_NAME = AccentColor;
				CODE_SIGN_STYLE = Automatic;
				CURRENT_PROJECT_VERSION = 1;
				DEVELOPMENT_TEAM = GMAYGR5U3T;
				GENERATE_INFOPLIST_FILE = YES;
				INFOPLIST_FILE = ChallengeTriunfo/Info.plist;
				INFOPLIST_KEY_UIApplicationSupportsIndirectInputEvents = YES;
				INFOPLIST_KEY_UILaunchStoryboardName = LaunchScreen;
				INFOPLIST_KEY_UIMainStoryboardFile = Main;
				INFOPLIST_KEY_UISupportedInterfaceOrientations_iPad = "UIInterfaceOrientationPortrait UIInterfaceOrientationPortraitUpsideDown UIInterfaceOrientationLandscapeLeft UIInterfaceOrientationLandscapeRight";
				INFOPLIST_KEY_UISupportedInterfaceOrientations_iPhone = "UIInterfaceOrientationPortrait UIInterfaceOrientationLandscapeLeft UIInterfaceOrientationLandscapeRight";
				LD_RUNPATH_SEARCH_PATHS = (
					"$(inherited)",
					"@executable_path/Frameworks",
				);
				MARKETING_VERSION = 1.0;
				PRODUCT_BUNDLE_IDENTIFIER = br.ufpe.cin.academy.lcjbv2.ChallengeTriunfo;
				PRODUCT_NAME = "$(TARGET_NAME)";
				SWIFT_EMIT_LOC_STRINGS = YES;
				SWIFT_VERSION = 5.0;
				TARGETED_DEVICE_FAMILY = "1,2";
			};
			name = Debug;
		};
		0DF495872874AEBD0025EC5B /* Release */ = {
			isa = XCBuildConfiguration;
			buildSettings = {
				ASSETCATALOG_COMPILER_APPICON_NAME = AppIcon;
				ASSETCATALOG_COMPILER_GLOBAL_ACCENT_COLOR_NAME = AccentColor;
				CODE_SIGN_STYLE = Automatic;
				CURRENT_PROJECT_VERSION = 1;
				DEVELOPMENT_TEAM = GMAYGR5U3T;
				GENERATE_INFOPLIST_FILE = YES;
				INFOPLIST_FILE = ChallengeTriunfo/Info.plist;
				INFOPLIST_KEY_UIApplicationSupportsIndirectInputEvents = YES;
				INFOPLIST_KEY_UILaunchStoryboardName = LaunchScreen;
				INFOPLIST_KEY_UIMainStoryboardFile = Main;
				INFOPLIST_KEY_UISupportedInterfaceOrientations_iPad = "UIInterfaceOrientationPortrait UIInterfaceOrientationPortraitUpsideDown UIInterfaceOrientationLandscapeLeft UIInterfaceOrientationLandscapeRight";
				INFOPLIST_KEY_UISupportedInterfaceOrientations_iPhone = "UIInterfaceOrientationPortrait UIInterfaceOrientationLandscapeLeft UIInterfaceOrientationLandscapeRight";
				LD_RUNPATH_SEARCH_PATHS = (
					"$(inherited)",
					"@executable_path/Frameworks",
				);
				MARKETING_VERSION = 1.0;
				PRODUCT_BUNDLE_IDENTIFIER = br.ufpe.cin.academy.lcjbv2.ChallengeTriunfo;
				PRODUCT_NAME = "$(TARGET_NAME)";
				SWIFT_EMIT_LOC_STRINGS = YES;
				SWIFT_VERSION = 5.0;
				TARGETED_DEVICE_FAMILY = "1,2";
			};
			name = Release;
		};
/* End XCBuildConfiguration section */

/* Begin XCConfigurationList section */
		0DF4956C2874AEBC0025EC5B /* Build configuration list for PBXProject "ChallengeTriunfo" */ = {
			isa = XCConfigurationList;
			buildConfigurations = (
				0DF495832874AEBD0025EC5B /* Debug */,
				0DF495842874AEBD0025EC5B /* Release */,
			);
			defaultConfigurationIsVisible = 0;
			defaultConfigurationName = Release;
		};
		0DF495852874AEBD0025EC5B /* Build configuration list for PBXNativeTarget "ChallengeTriunfo" */ = {
			isa = XCConfigurationList;
			buildConfigurations = (
				0DF495862874AEBD0025EC5B /* Debug */,
				0DF495872874AEBD0025EC5B /* Release */,
			);
			defaultConfigurationIsVisible = 0;
			defaultConfigurationName = Release;
		};
/* End XCConfigurationList section */
	};
	rootObject = 0DF495692874AEBC0025EC5B /* Project object */;
}
